
Microsoft Visual Studio Solution File, Format Version 12.00
# Visual Studio Version 17
VisualStudioVersion = 17.5.33627.172
MinimumVisualStudioVersion = 10.0.40219.1
Project("{9A19103F-16F7-4668-BE54-9A1E7A4F7556}") = "MorningNewsBrief.Api", "src\MorningNewsBrief.Api\MorningNewsBrief.Api.csproj", "{F2AF5B88-0433-437E-8F5F-8C5BFBD82071}"
EndProject
Project("{9A19103F-16F7-4668-BE54-9A1E7A4F7556}") = "MorningNewsBrief.Tests", "src\MorningNewsBrief.Tests\MorningNewsBrief.Tests.csproj", "{54196197-8A9A-414A-AC98-CF98979384E8}"
EndProject
Project("{FAE04EC0-301F-11D3-BF4B-00C04F79EFBC}") = "MorningNewsBrief.Common", "src\MorningNewsBrief.Common\MorningNewsBrief.Common.csproj", "{81B843E7-1785-41AF-B268-757C5551264F}"
EndProject
Global
	GlobalSection(SolutionConfigurationPlatforms) = preSolution
		Debug|Any CPU = Debug|Any CPU
		Release|Any CPU = Release|Any CPU
	EndGlobalSection
	GlobalSection(ProjectConfigurationPlatforms) = postSolution
		{F2AF5B88-0433-437E-8F5F-8C5BFBD82071}.Debug|Any CPU.ActiveCfg = Debug|Any CPU
		{F2AF5B88-0433-437E-8F5F-8C5BFBD82071}.Debug|Any CPU.Build.0 = Debug|Any CPU
		{F2AF5B88-0433-437E-8F5F-8C5BFBD82071}.Release|Any CPU.ActiveCfg = Release|Any CPU
		{F2AF5B88-0433-437E-8F5F-8C5BFBD82071}.Release|Any CPU.Build.0 = Release|Any CPU
		{54196197-8A9A-414A-AC98-CF98979384E8}.Debug|Any CPU.ActiveCfg = Debug|Any CPU
		{54196197-8A9A-414A-AC98-CF98979384E8}.Debug|Any CPU.Build.0 = Debug|Any CPU
		{54196197-8A9A-414A-AC98-CF98979384E8}.Release|Any CPU.ActiveCfg = Release|Any CPU
		{54196197-8A9A-414A-AC98-CF98979384E8}.Release|Any CPU.Build.0 = Release|Any CPU
		{81B843E7-1785-41AF-B268-757C5551264F}.Debug|Any CPU.ActiveCfg = Debug|Any CPU
		{81B843E7-1785-41AF-B268-757C5551264F}.Debug|Any CPU.Build.0 = Debug|Any CPU
		{81B843E7-1785-41AF-B268-757C5551264F}.Release|Any CPU.ActiveCfg = Release|Any CPU
		{81B843E7-1785-41AF-B268-757C5551264F}.Release|Any CPU.Build.0 = Release|Any CPU
	EndGlobalSection
	GlobalSection(SolutionProperties) = preSolution
		HideSolutionNode = FALSE
	EndGlobalSection
	GlobalSection(ExtensibilityGlobals) = postSolution
		SolutionGuid = {40C69D96-B8E5-48D9-B4C3-498BBAC66564}
	EndGlobalSection
EndGlobal
